
Microsoft Visual Studio Solution File, Format Version 12.00
# Visual Studio Version 17
VisualStudioVersion = 17.14.36310.24 d17.14
MinimumVisualStudioVersion = 10.0.40219.1
Project("{FAE04EC0-301F-11D3-BF4B-00C04F79EFBC}") = "Education", "Education\Education.csproj", "{0D572B3C-B3BB-4171-B371-59C1963A4713}"
EndProject
Global
	GlobalSection(SolutionConfigurationPlatforms) = preSolution
		Debug|Any CPU = Debug|Any CPU
		Release|Any CPU = Release|Any CPU
	EndGlobalSection
	GlobalSection(ProjectConfigurationPlatforms) = postSolution
		{0D572B3C-B3BB-4171-B371-59C1963A4713}.Debug|Any CPU.ActiveCfg = Debug|Any CPU
		{0D572B3C-B3BB-4171-B371-59C1963A4713}.Debug|Any CPU.Build.0 = Debug|Any CPU
		{0D572B3C-B3BB-4171-B371-59C1963A4713}.Release|Any CPU.ActiveCfg = Release|Any CPU
		{0D572B3C-B3BB-4171-B371-59C1963A4713}.Release|Any CPU.Build.0 = Release|Any CPU
	EndGlobalSection
	GlobalSection(SolutionProperties) = preSolution
		HideSolutionNode = FALSE
	EndGlobalSection
	GlobalSection(ExtensibilityGlobals) = postSolution
		SolutionGuid = {40FC9685-6252-4CD3-8F2A-AE30D7BDB233}
	EndGlobalSection
EndGlobal
